
Microsoft Visual Studio Solution File, Format Version 12.00
# Visual Studio Version 17
VisualStudioVersion = 17.2.32526.322
MinimumVisualStudioVersion = 10.0.40219.1
Project("{FAE04EC0-301F-11D3-BF4B-00C04F79EFBC}") = "Lab2", "Lab2\Lab2.csproj", "{ECD6C340-07E7-4A4B-BD20-09C3D6BC5065}"
EndProject
Global
	GlobalSection(SolutionConfigurationPlatforms) = preSolution
		Debug|Any CPU = Debug|Any CPU
		Release|Any CPU = Release|Any CPU
	EndGlobalSection
	GlobalSection(ProjectConfigurationPlatforms) = postSolution
		{ECD6C340-07E7-4A4B-BD20-09C3D6BC5065}.Debug|Any CPU.ActiveCfg = Debug|Any CPU
		{ECD6C340-07E7-4A4B-BD20-09C3D6BC5065}.Debug|Any CPU.Build.0 = Debug|Any CPU
		{ECD6C340-07E7-4A4B-BD20-09C3D6BC5065}.Release|Any CPU.ActiveCfg = Release|Any CPU
		{ECD6C340-07E7-4A4B-BD20-09C3D6BC5065}.Release|Any CPU.Build.0 = Release|Any CPU
	EndGlobalSection
	GlobalSection(SolutionProperties) = preSolution
		HideSolutionNode = FALSE
	EndGlobalSection
	GlobalSection(ExtensibilityGlobals) = postSolution
		SolutionGuid = {0BB4E47F-7DAC-4CF2-8DA8-96E362B6000A}
	EndGlobalSection
EndGlobal
